
Microsoft Visual Studio Solution File, Format Version 12.00
# Visual Studio 14
VisualStudioVersion = 14.0.25420.1
MinimumVisualStudioVersion = 10.0.40219.1
Project("{FAE04EC0-301F-11D3-BF4B-00C04F79EFBC}") = "EnumExample", "EnumExample\EnumExample.csproj", "{D9EB9B03-6DA3-4331-9D71-04833455CCCE}"
EndProject
Global
	GlobalSection(SolutionConfigurationPlatforms) = preSolution
		Debug|Any CPU = Debug|Any CPU
		Release|Any CPU = Release|Any CPU
	EndGlobalSection
	GlobalSection(ProjectConfigurationPlatforms) = postSolution
		{D9EB9B03-6DA3-4331-9D71-04833455CCCE}.Debug|Any CPU.ActiveCfg = Debug|Any CPU
		{D9EB9B03-6DA3-4331-9D71-04833455CCCE}.Debug|Any CPU.Build.0 = Debug|Any CPU
		{D9EB9B03-6DA3-4331-9D71-04833455CCCE}.Release|Any CPU.ActiveCfg = Release|Any CPU
		{D9EB9B03-6DA3-4331-9D71-04833455CCCE}.Release|Any CPU.Build.0 = Release|Any CPU
	EndGlobalSection
	GlobalSection(SolutionProperties) = preSolution
		HideSolutionNode = FALSE
	EndGlobalSection
EndGlobal
